{
  "name": "tool-use-budget-skill",
  "version": "0.1.0",
  "lockfileVersion": 3,
  "requires": true,
  "packages": {
    "": {
      "name": "tool-use-budget-skill",
      "version": "0.1.0",
      "license": "MIT",
      "bin": {
        "tool-use-budget": "bin/tool-use-budget.js"
      },
      "engines": {
        "node": ">=20"
      }
    }
  }
}
